{
  "name": "car",
  "version": "1.0.0",
  "lockfileVersion": 1,
  "requires": true,
  "dependencies": {
    "@ipld/car": {
      "version": "5.0.1",
      "resolved": "https://registry.npmjs.org/@ipld/car/-/car-5.0.1.tgz",
      "integrity": "sha512-YPXr1TztVmTPE4MerjKpFMuIll73MqvEakzWDMqj4uGJnwkY+tE0SlBGmqkMSofOgVMQAxZ6JtuRA93WlTzb8w==",
      "requires": {
        "@ipld/dag-cbor": "^8.0.0",
        "cborg": "^1.9.0",
        "multiformats": "^10.0.2",
        "varint": "^6.0.0"
      }
    },
    "@ipld/dag-cbor": {
      "version": "8.0.0",
      "resolved": "https://registry.npmjs.org/@ipld/dag-cbor/-/dag-cbor-8.0.0.tgz",
      "integrity": "sha512-VfedC21yAD/ZIahcrHTeMcc17kEVRlCmHQl0JY9/Rwbd102v0QcuXtBN8KGH8alNO82S89+H6MM/hxP85P4Veg==",
      "requires": {
        "cborg": "^1.6.0",
        "multiformats": "^10.0.2"
      }
    },
    "cborg": {
      "version": "1.9.6",
      "resolved": "https://registry.npmjs.org/cborg/-/cborg-1.9.6.tgz",
      "integrity": "sha512-XmiD+NWTk9xg31d8MdXgW46bSZd95ELllxjbjdWGyHAtpTw+cf8iG3NibWgTWRnfWfxtcihVa5Pm0gchHiO3JQ=="
    },
    "multiformats": {
      "version": "10.0.2",
      "resolved": "https://registry.npmjs.org/multiformats/-/multiformats-10.0.2.tgz",
      "integrity": "sha512-nJEHLFOYhO4L+aNApHhCnWqa31FyqAHv9Q77AhmwU3KsM2f1j7tuJpCk5ByZ33smzycNCpSG5klNIejIyfFx2A=="
    },
    "varint": {
      "version": "6.0.0",
      "resolved": "https://registry.npmjs.org/varint/-/varint-6.0.0.tgz",
      "integrity": "sha512-cXEIW6cfr15lFv563k4GuVuW/fiwjknytD37jIOLSdSWuOI6WnO/oKwmP2FQTU2l01LP8/M5TSAJpzUaGe3uWg=="
    }
  }
}
